
Microsoft Visual Studio Solution File, Format Version 11.00
# Visual Studio 2010
Project("{FAE04EC0-301F-11D3-BF4B-00C04F79EFBC}") = "Physics Engine", "Physics Engine.csproj", "{45DB44EF-A9BD-484A-B408-5A6BF5365A3C}"
EndProject
Project("{FAE04EC0-301F-11D3-BF4B-00C04F79EFBC}") = "tests", "..\tests\tests\tests\tests.csproj", "{43F68761-6102-4E2B-99E8-2E176E7E8904}"
EndProject
Project("{96E2B04D-8817-42C6-938A-82C39BA4D311}") = "testsContent", "..\tests\tests\testsContent\testsContent.contentproj", "{10DDA04B-91FD-42B3-9D1A-9A5F26231572}"
EndProject
Global
	GlobalSection(SolutionConfigurationPlatforms) = preSolution
		Debug|Any CPU = Debug|Any CPU
		Debug|Mixed Platforms = Debug|Mixed Platforms
		Debug|x86 = Debug|x86
		Debug|Xbox 360 = Debug|Xbox 360
		Release|Any CPU = Release|Any CPU
		Release|Mixed Platforms = Release|Mixed Platforms
		Release|x86 = Release|x86
		Release|Xbox 360 = Release|Xbox 360
	EndGlobalSection
	GlobalSection(ProjectConfigurationPlatforms) = postSolution
		{45DB44EF-A9BD-484A-B408-5A6BF5365A3C}.Debug|Any CPU.ActiveCfg = Debug|Any CPU
		{45DB44EF-A9BD-484A-B408-5A6BF5365A3C}.Debug|Any CPU.Build.0 = Debug|Any CPU
		{45DB44EF-A9BD-484A-B408-5A6BF5365A3C}.Debug|Mixed Platforms.ActiveCfg = Debug|Any CPU
		{45DB44EF-A9BD-484A-B408-5A6BF5365A3C}.Debug|Mixed Platforms.Build.0 = Debug|Any CPU
		{45DB44EF-A9BD-484A-B408-5A6BF5365A3C}.Debug|x86.ActiveCfg = Debug|Any CPU
		{45DB44EF-A9BD-484A-B408-5A6BF5365A3C}.Debug|Xbox 360.ActiveCfg = Debug|Any CPU
		{45DB44EF-A9BD-484A-B408-5A6BF5365A3C}.Release|Any CPU.ActiveCfg = Release|Any CPU
		{45DB44EF-A9BD-484A-B408-5A6BF5365A3C}.Release|Any CPU.Build.0 = Release|Any CPU
		{45DB44EF-A9BD-484A-B408-5A6BF5365A3C}.Release|Mixed Platforms.ActiveCfg = Release|Any CPU
		{45DB44EF-A9BD-484A-B408-5A6BF5365A3C}.Release|Mixed Platforms.Build.0 = Release|Any CPU
		{45DB44EF-A9BD-484A-B408-5A6BF5365A3C}.Release|x86.ActiveCfg = Release|Any CPU
		{45DB44EF-A9BD-484A-B408-5A6BF5365A3C}.Release|Xbox 360.ActiveCfg = Release|Any CPU
		{43F68761-6102-4E2B-99E8-2E176E7E8904}.Debug|Any CPU.ActiveCfg = Debug|x86
		{43F68761-6102-4E2B-99E8-2E176E7E8904}.Debug|Mixed Platforms.ActiveCfg = Debug|x86
		{43F68761-6102-4E2B-99E8-2E176E7E8904}.Debug|Mixed Platforms.Build.0 = Debug|x86
		{43F68761-6102-4E2B-99E8-2E176E7E8904}.Debug|x86.ActiveCfg = Debug|x86
		{43F68761-6102-4E2B-99E8-2E176E7E8904}.Debug|x86.Build.0 = Debug|x86
		{43F68761-6102-4E2B-99E8-2E176E7E8904}.Debug|Xbox 360.ActiveCfg = Debug|x86
		{43F68761-6102-4E2B-99E8-2E176E7E8904}.Release|Any CPU.ActiveCfg = Release|x86
		{43F68761-6102-4E2B-99E8-2E176E7E8904}.Release|Mixed Platforms.ActiveCfg = Release|x86
		{43F68761-6102-4E2B-99E8-2E176E7E8904}.Release|Mixed Platforms.Build.0 = Release|x86
		{43F68761-6102-4E2B-99E8-2E176E7E8904}.Release|x86.ActiveCfg = Release|x86
		{43F68761-6102-4E2B-99E8-2E176E7E8904}.Release|x86.Build.0 = Release|x86
		{43F68761-6102-4E2B-99E8-2E176E7E8904}.Release|Xbox 360.ActiveCfg = Release|x86
		{10DDA04B-91FD-42B3-9D1A-9A5F26231572}.Debug|Any CPU.ActiveCfg = Debug|x86
		{10DDA04B-91FD-42B3-9D1A-9A5F26231572}.Debug|Mixed Platforms.ActiveCfg = Debug|x86
		{10DDA04B-91FD-42B3-9D1A-9A5F26231572}.Debug|x86.ActiveCfg = Debug|x86
		{10DDA04B-91FD-42B3-9D1A-9A5F26231572}.Debug|Xbox 360.ActiveCfg = Debug|x86
		{10DDA04B-91FD-42B3-9D1A-9A5F26231572}.Release|Any CPU.ActiveCfg = Release|x86
		{10DDA04B-91FD-42B3-9D1A-9A5F26231572}.Release|Mixed Platforms.ActiveCfg = Release|x86
		{10DDA04B-91FD-42B3-9D1A-9A5F26231572}.Release|x86.ActiveCfg = Release|x86
		{10DDA04B-91FD-42B3-9D1A-9A5F26231572}.Release|Xbox 360.ActiveCfg = Release|x86
	EndGlobalSection
	GlobalSection(SolutionProperties) = preSolution
		HideSolutionNode = FALSE
	EndGlobalSection
EndGlobal
